
Microsoft Visual Studio Solution File, Format Version 12.00
# Visual Studio Version 17
VisualStudioVersion = 17.2.32630.192
MinimumVisualStudioVersion = 10.0.40219.1
Project("{FAE04EC0-301F-11D3-BF4B-00C04F79EFBC}") = "BLS-API", "BLS-API.csproj", "{079AA9AD-8174-4C9C-A7C5-D458B3D73471}"
EndProject
Global
	GlobalSection(SolutionConfigurationPlatforms) = preSolution
		Debug|Any CPU = Debug|Any CPU
		Release|Any CPU = Release|Any CPU
	EndGlobalSection
	GlobalSection(ProjectConfigurationPlatforms) = postSolution
		{079AA9AD-8174-4C9C-A7C5-D458B3D73471}.Debug|Any CPU.ActiveCfg = Debug|Any CPU
		{079AA9AD-8174-4C9C-A7C5-D458B3D73471}.Debug|Any CPU.Build.0 = Debug|Any CPU
		{079AA9AD-8174-4C9C-A7C5-D458B3D73471}.Release|Any CPU.ActiveCfg = Release|Any CPU
		{079AA9AD-8174-4C9C-A7C5-D458B3D73471}.Release|Any CPU.Build.0 = Release|Any CPU
	EndGlobalSection
	GlobalSection(SolutionProperties) = preSolution
		HideSolutionNode = FALSE
	EndGlobalSection
	GlobalSection(ExtensibilityGlobals) = postSolution
		SolutionGuid = {E6AFB255-39EB-4B03-92C6-24883017A0BA}
	EndGlobalSection
EndGlobal
